
Microsoft Visual Studio Solution File, Format Version 12.00
# Visual Studio Version 16
VisualStudioVersion = 16.0.30804.86
MinimumVisualStudioVersion = 10.0.40219.1
Project("{FAE04EC0-301F-11D3-BF4B-00C04F79EFBC}") = "WCF", "WCF.csproj", "{A0538D48-44AA-42E7-B7A4-F17F3AC58E65}"
EndProject
Project("{FAE04EC0-301F-11D3-BF4B-00C04F79EFBC}") = "Host", "..\Host\Host.csproj", "{9143A753-E8D8-44E1-B681-9A1F2905EA38}"
EndProject
Global
	GlobalSection(SolutionConfigurationPlatforms) = preSolution
		Debug|Any CPU = Debug|Any CPU
		Release|Any CPU = Release|Any CPU
	EndGlobalSection
	GlobalSection(ProjectConfigurationPlatforms) = postSolution
		{A0538D48-44AA-42E7-B7A4-F17F3AC58E65}.Debug|Any CPU.ActiveCfg = Debug|Any CPU
		{A0538D48-44AA-42E7-B7A4-F17F3AC58E65}.Debug|Any CPU.Build.0 = Debug|Any CPU
		{A0538D48-44AA-42E7-B7A4-F17F3AC58E65}.Release|Any CPU.ActiveCfg = Release|Any CPU
		{A0538D48-44AA-42E7-B7A4-F17F3AC58E65}.Release|Any CPU.Build.0 = Release|Any CPU
		{9143A753-E8D8-44E1-B681-9A1F2905EA38}.Debug|Any CPU.ActiveCfg = Debug|Any CPU
		{9143A753-E8D8-44E1-B681-9A1F2905EA38}.Debug|Any CPU.Build.0 = Debug|Any CPU
		{9143A753-E8D8-44E1-B681-9A1F2905EA38}.Release|Any CPU.ActiveCfg = Release|Any CPU
		{9143A753-E8D8-44E1-B681-9A1F2905EA38}.Release|Any CPU.Build.0 = Release|Any CPU
	EndGlobalSection
	GlobalSection(SolutionProperties) = preSolution
		HideSolutionNode = FALSE
	EndGlobalSection
	GlobalSection(ExtensibilityGlobals) = postSolution
		SolutionGuid = {D8B66624-3636-4669-987E-992B8709CE4F}
	EndGlobalSection
EndGlobal
